
Microsoft Visual Studio Solution File, Format Version 12.00
# Visual Studio Version 17
VisualStudioVersion = 17.10.35004.147
MinimumVisualStudioVersion = 10.0.40219.1
Project("{8BC9CEB8-8B4A-11D0-8D11-00A0C91BC942}") = "paula-test", "paula-vs.vcxproj", "{7FD66B46-2E17-431D-9D70-BA9192D6D0CA}"
	ProjectSection(ProjectDependencies) = postProject
		{5B396BF2-BF7A-474A-A9BE-2B1BF85F94D9} = {5B396BF2-BF7A-474A-A9BE-2B1BF85F94D9}
	EndProjectSection
EndProject
Project("{8BC9CEB8-8B4A-11D0-8D11-00A0C91BC942}") = "paula-core", "..\paula-core\paula-core.vcxproj", "{5B396BF2-BF7A-474A-A9BE-2B1BF85F94D9}"
EndProject
Project("{8BC9CEB8-8B4A-11D0-8D11-00A0C91BC942}") = "paula-cli", "..\paula-cli\paula-cli.vcxproj", "{BA645023-DCDF-46A2-93B3-4CDE6232BEFC}"
EndProject
Project("{8BC9CEB8-8B4A-11D0-8D11-00A0C91BC942}") = "paula-example", "..\paula-example\paula-example.vcxproj", "{071D4A13-14E5-4C93-BA11-5522D0FB519A}"
EndProject
Project("{8BC9CEB8-8B4A-11D0-8D11-00A0C91BC942}") = "paula-dll", "..\paula-dll\paula-dll.vcxproj", "{0963F929-14B3-46B9-927E-C0196AAFD7C7}"
EndProject
Project("{FAE04EC0-301F-11D3-BF4B-00C04F79EFBC}") = "paula-csharp-test", "..\paula-csharp-test\paula-csharp-test.csproj", "{65EAF404-B3AC-4C82-BAEF-941C523E48C8}"
EndProject
Global
	GlobalSection(SolutionConfigurationPlatforms) = preSolution
		Debug|Any CPU = Debug|Any CPU
		Debug|x64 = Debug|x64
		Debug|x86 = Debug|x86
		Mini|Any CPU = Mini|Any CPU
		Mini|x64 = Mini|x64
		Mini|x86 = Mini|x86
		Release|Any CPU = Release|Any CPU
		Release|x64 = Release|x64
		Release|x86 = Release|x86
	EndGlobalSection
	GlobalSection(ProjectConfigurationPlatforms) = postSolution
		{7FD66B46-2E17-431D-9D70-BA9192D6D0CA}.Debug|Any CPU.ActiveCfg = Debug|x64
		{7FD66B46-2E17-431D-9D70-BA9192D6D0CA}.Debug|Any CPU.Build.0 = Debug|x64
		{7FD66B46-2E17-431D-9D70-BA9192D6D0CA}.Debug|x64.ActiveCfg = Debug|x64
		{7FD66B46-2E17-431D-9D70-BA9192D6D0CA}.Debug|x64.Build.0 = Debug|x64
		{7FD66B46-2E17-431D-9D70-BA9192D6D0CA}.Debug|x86.ActiveCfg = Debug|Win32
		{7FD66B46-2E17-431D-9D70-BA9192D6D0CA}.Debug|x86.Build.0 = Debug|Win32
		{7FD66B46-2E17-431D-9D70-BA9192D6D0CA}.Mini|Any CPU.ActiveCfg = Mini|x64
		{7FD66B46-2E17-431D-9D70-BA9192D6D0CA}.Mini|Any CPU.Build.0 = Mini|x64
		{7FD66B46-2E17-431D-9D70-BA9192D6D0CA}.Mini|x64.ActiveCfg = Mini|x64
		{7FD66B46-2E17-431D-9D70-BA9192D6D0CA}.Mini|x64.Build.0 = Mini|x64
		{7FD66B46-2E17-431D-9D70-BA9192D6D0CA}.Mini|x86.ActiveCfg = Mini|Win32
		{7FD66B46-2E17-431D-9D70-BA9192D6D0CA}.Mini|x86.Build.0 = Mini|Win32
		{7FD66B46-2E17-431D-9D70-BA9192D6D0CA}.Release|Any CPU.ActiveCfg = Release|x64
		{7FD66B46-2E17-431D-9D70-BA9192D6D0CA}.Release|Any CPU.Build.0 = Release|x64
		{7FD66B46-2E17-431D-9D70-BA9192D6D0CA}.Release|x64.ActiveCfg = Release|x64
		{7FD66B46-2E17-431D-9D70-BA9192D6D0CA}.Release|x64.Build.0 = Release|x64
		{7FD66B46-2E17-431D-9D70-BA9192D6D0CA}.Release|x86.ActiveCfg = Release|Win32
		{7FD66B46-2E17-431D-9D70-BA9192D6D0CA}.Release|x86.Build.0 = Release|Win32
		{5B396BF2-BF7A-474A-A9BE-2B1BF85F94D9}.Debug|Any CPU.ActiveCfg = Debug|x64
		{5B396BF2-BF7A-474A-A9BE-2B1BF85F94D9}.Debug|Any CPU.Build.0 = Debug|x64
		{5B396BF2-BF7A-474A-A9BE-2B1BF85F94D9}.Debug|x64.ActiveCfg = Debug|x64
		{5B396BF2-BF7A-474A-A9BE-2B1BF85F94D9}.Debug|x64.Build.0 = Debug|x64
		{5B396BF2-BF7A-474A-A9BE-2B1BF85F94D9}.Debug|x86.ActiveCfg = Debug|Win32
		{5B396BF2-BF7A-474A-A9BE-2B1BF85F94D9}.Debug|x86.Build.0 = Debug|Win32
		{5B396BF2-BF7A-474A-A9BE-2B1BF85F94D9}.Mini|Any CPU.ActiveCfg = Mini|x64
		{5B396BF2-BF7A-474A-A9BE-2B1BF85F94D9}.Mini|Any CPU.Build.0 = Mini|x64
		{5B396BF2-BF7A-474A-A9BE-2B1BF85F94D9}.Mini|x64.ActiveCfg = Mini|x64
		{5B396BF2-BF7A-474A-A9BE-2B1BF85F94D9}.Mini|x64.Build.0 = Mini|x64
		{5B396BF2-BF7A-474A-A9BE-2B1BF85F94D9}.Mini|x86.ActiveCfg = Mini|Win32
		{5B396BF2-BF7A-474A-A9BE-2B1BF85F94D9}.Mini|x86.Build.0 = Mini|Win32
		{5B396BF2-BF7A-474A-A9BE-2B1BF85F94D9}.Release|Any CPU.ActiveCfg = Release|x64
		{5B396BF2-BF7A-474A-A9BE-2B1BF85F94D9}.Release|Any CPU.Build.0 = Release|x64
		{5B396BF2-BF7A-474A-A9BE-2B1BF85F94D9}.Release|x64.ActiveCfg = Release|x64
		{5B396BF2-BF7A-474A-A9BE-2B1BF85F94D9}.Release|x64.Build.0 = Release|x64
		{5B396BF2-BF7A-474A-A9BE-2B1BF85F94D9}.Release|x86.ActiveCfg = Release|Win32
		{5B396BF2-BF7A-474A-A9BE-2B1BF85F94D9}.Release|x86.Build.0 = Release|Win32
		{BA645023-DCDF-46A2-93B3-4CDE6232BEFC}.Debug|Any CPU.ActiveCfg = Debug|x64
		{BA645023-DCDF-46A2-93B3-4CDE6232BEFC}.Debug|Any CPU.Build.0 = Debug|x64
		{BA645023-DCDF-46A2-93B3-4CDE6232BEFC}.Debug|x64.ActiveCfg = Debug|x64
		{BA645023-DCDF-46A2-93B3-4CDE6232BEFC}.Debug|x64.Build.0 = Debug|x64
		{BA645023-DCDF-46A2-93B3-4CDE6232BEFC}.Debug|x86.ActiveCfg = Debug|Win32
		{BA645023-DCDF-46A2-93B3-4CDE6232BEFC}.Debug|x86.Build.0 = Debug|Win32
		{BA645023-DCDF-46A2-93B3-4CDE6232BEFC}.Mini|Any CPU.ActiveCfg = Mini|x64
		{BA645023-DCDF-46A2-93B3-4CDE6232BEFC}.Mini|Any CPU.Build.0 = Mini|x64
		{BA645023-DCDF-46A2-93B3-4CDE6232BEFC}.Mini|x64.ActiveCfg = Mini|x64
		{BA645023-DCDF-46A2-93B3-4CDE6232BEFC}.Mini|x64.Build.0 = Mini|x64
		{BA645023-DCDF-46A2-93B3-4CDE6232BEFC}.Mini|x86.ActiveCfg = Mini|Win32
		{BA645023-DCDF-46A2-93B3-4CDE6232BEFC}.Mini|x86.Build.0 = Mini|Win32
		{BA645023-DCDF-46A2-93B3-4CDE6232BEFC}.Release|Any CPU.ActiveCfg = Release|x64
		{BA645023-DCDF-46A2-93B3-4CDE6232BEFC}.Release|Any CPU.Build.0 = Release|x64
		{BA645023-DCDF-46A2-93B3-4CDE6232BEFC}.Release|x64.ActiveCfg = Release|x64
		{BA645023-DCDF-46A2-93B3-4CDE6232BEFC}.Release|x64.Build.0 = Release|x64
		{BA645023-DCDF-46A2-93B3-4CDE6232BEFC}.Release|x86.ActiveCfg = Release|Win32
		{BA645023-DCDF-46A2-93B3-4CDE6232BEFC}.Release|x86.Build.0 = Release|Win32
		{071D4A13-14E5-4C93-BA11-5522D0FB519A}.Debug|Any CPU.ActiveCfg = Debug|x64
		{071D4A13-14E5-4C93-BA11-5522D0FB519A}.Debug|Any CPU.Build.0 = Debug|x64
		{071D4A13-14E5-4C93-BA11-5522D0FB519A}.Debug|x64.ActiveCfg = Debug|x64
		{071D4A13-14E5-4C93-BA11-5522D0FB519A}.Debug|x64.Build.0 = Debug|x64
		{071D4A13-14E5-4C93-BA11-5522D0FB519A}.Debug|x86.ActiveCfg = Debug|Win32
		{071D4A13-14E5-4C93-BA11-5522D0FB519A}.Debug|x86.Build.0 = Debug|Win32
		{071D4A13-14E5-4C93-BA11-5522D0FB519A}.Mini|Any CPU.ActiveCfg = Release|x64
		{071D4A13-14E5-4C93-BA11-5522D0FB519A}.Mini|Any CPU.Build.0 = Release|x64
		{071D4A13-14E5-4C93-BA11-5522D0FB519A}.Mini|x64.ActiveCfg = Debug|x64
		{071D4A13-14E5-4C93-BA11-5522D0FB519A}.Mini|x64.Build.0 = Debug|x64
		{071D4A13-14E5-4C93-BA11-5522D0FB519A}.Mini|x86.ActiveCfg = Debug|Win32
		{071D4A13-14E5-4C93-BA11-5522D0FB519A}.Mini|x86.Build.0 = Debug|Win32
		{071D4A13-14E5-4C93-BA11-5522D0FB519A}.Release|Any CPU.ActiveCfg = Release|x64
		{071D4A13-14E5-4C93-BA11-5522D0FB519A}.Release|Any CPU.Build.0 = Release|x64
		{071D4A13-14E5-4C93-BA11-5522D0FB519A}.Release|x64.ActiveCfg = Release|x64
		{071D4A13-14E5-4C93-BA11-5522D0FB519A}.Release|x64.Build.0 = Release|x64
		{071D4A13-14E5-4C93-BA11-5522D0FB519A}.Release|x86.ActiveCfg = Release|Win32
		{071D4A13-14E5-4C93-BA11-5522D0FB519A}.Release|x86.Build.0 = Release|Win32
		{0963F929-14B3-46B9-927E-C0196AAFD7C7}.Debug|Any CPU.ActiveCfg = Debug|x64
		{0963F929-14B3-46B9-927E-C0196AAFD7C7}.Debug|Any CPU.Build.0 = Debug|x64
		{0963F929-14B3-46B9-927E-C0196AAFD7C7}.Debug|x64.ActiveCfg = Debug|x64
		{0963F929-14B3-46B9-927E-C0196AAFD7C7}.Debug|x64.Build.0 = Debug|x64
		{0963F929-14B3-46B9-927E-C0196AAFD7C7}.Debug|x86.ActiveCfg = Debug|Win32
		{0963F929-14B3-46B9-927E-C0196AAFD7C7}.Debug|x86.Build.0 = Debug|Win32
		{0963F929-14B3-46B9-927E-C0196AAFD7C7}.Mini|Any CPU.ActiveCfg = Debug|x64
		{0963F929-14B3-46B9-927E-C0196AAFD7C7}.Mini|Any CPU.Build.0 = Debug|x64
		{0963F929-14B3-46B9-927E-C0196AAFD7C7}.Mini|x64.ActiveCfg = Debug|x64
		{0963F929-14B3-46B9-927E-C0196AAFD7C7}.Mini|x64.Build.0 = Debug|x64
		{0963F929-14B3-46B9-927E-C0196AAFD7C7}.Mini|x86.ActiveCfg = Debug|Win32
		{0963F929-14B3-46B9-927E-C0196AAFD7C7}.Mini|x86.Build.0 = Debug|Win32
		{0963F929-14B3-46B9-927E-C0196AAFD7C7}.Release|Any CPU.ActiveCfg = Release|x64
		{0963F929-14B3-46B9-927E-C0196AAFD7C7}.Release|Any CPU.Build.0 = Release|x64
		{0963F929-14B3-46B9-927E-C0196AAFD7C7}.Release|x64.ActiveCfg = Release|x64
		{0963F929-14B3-46B9-927E-C0196AAFD7C7}.Release|x64.Build.0 = Release|x64
		{0963F929-14B3-46B9-927E-C0196AAFD7C7}.Release|x86.ActiveCfg = Release|Win32
		{0963F929-14B3-46B9-927E-C0196AAFD7C7}.Release|x86.Build.0 = Release|Win32
		{65EAF404-B3AC-4C82-BAEF-941C523E48C8}.Debug|Any CPU.ActiveCfg = Debug|Any CPU
		{65EAF404-B3AC-4C82-BAEF-941C523E48C8}.Debug|Any CPU.Build.0 = Debug|Any CPU
		{65EAF404-B3AC-4C82-BAEF-941C523E48C8}.Debug|x64.ActiveCfg = Debug|Any CPU
		{65EAF404-B3AC-4C82-BAEF-941C523E48C8}.Debug|x64.Build.0 = Debug|Any CPU
		{65EAF404-B3AC-4C82-BAEF-941C523E48C8}.Debug|x86.ActiveCfg = Debug|Any CPU
		{65EAF404-B3AC-4C82-BAEF-941C523E48C8}.Debug|x86.Build.0 = Debug|Any CPU
		{65EAF404-B3AC-4C82-BAEF-941C523E48C8}.Mini|Any CPU.ActiveCfg = Debug|Any CPU
		{65EAF404-B3AC-4C82-BAEF-941C523E48C8}.Mini|Any CPU.Build.0 = Debug|Any CPU
		{65EAF404-B3AC-4C82-BAEF-941C523E48C8}.Mini|x64.ActiveCfg = Debug|Any CPU
		{65EAF404-B3AC-4C82-BAEF-941C523E48C8}.Mini|x64.Build.0 = Debug|Any CPU
		{65EAF404-B3AC-4C82-BAEF-941C523E48C8}.Mini|x86.ActiveCfg = Debug|Any CPU
		{65EAF404-B3AC-4C82-BAEF-941C523E48C8}.Mini|x86.Build.0 = Debug|Any CPU
		{65EAF404-B3AC-4C82-BAEF-941C523E48C8}.Release|Any CPU.ActiveCfg = Release|Any CPU
		{65EAF404-B3AC-4C82-BAEF-941C523E48C8}.Release|Any CPU.Build.0 = Release|Any CPU
		{65EAF404-B3AC-4C82-BAEF-941C523E48C8}.Release|x64.ActiveCfg = Release|Any CPU
		{65EAF404-B3AC-4C82-BAEF-941C523E48C8}.Release|x64.Build.0 = Release|Any CPU
		{65EAF404-B3AC-4C82-BAEF-941C523E48C8}.Release|x86.ActiveCfg = Release|Any CPU
		{65EAF404-B3AC-4C82-BAEF-941C523E48C8}.Release|x86.Build.0 = Release|Any CPU
	EndGlobalSection
	GlobalSection(SolutionProperties) = preSolution
		HideSolutionNode = FALSE
	EndGlobalSection
	GlobalSection(ExtensibilityGlobals) = postSolution
		SolutionGuid = {0FC26497-552C-4A03-BEF7-EE8F98697F7D}
	EndGlobalSection
EndGlobal
